{
    "_meta": {
        "hash": {
            "sha256": "7267d3c531cefb88acbbcc7421f5a72f44f305ec5252395e2b0ee048403952ab"
        },
        "pipfile-spec": 6,
        "requires": {
            "python_version": "3.10"
        },
        "sources": [
            {
                "name": "pypi",
                "url": "https://pypi.org/simple",
                "verify_ssl": true
            }
        ]
    },
    "default": {
        "certifi": {
            "hashes": [
                "sha256:9b469f3a900bf28dc19b8cfbf8019bf47f7fdd1a65a1d4ffb98fc14166beb4d1",
                "sha256:e036ab49d5b79556f99cfc2d9320b34cfbe5be05c5871b51de9329f0603b0474"
            ],
            "markers": "python_version >= '3.6'",
            "version": "==2023.11.17"
        },
        "charset-normalizer": {
            "hashes": [
                "sha256:0099d79bdfcf5c1f0c2c72f91516702ebf8b0b8ddd8905f97a8aecf49712c621",
                "sha256:0713f3adb9d03d49d365b70b84775d0a0d18e4ab08d12bc46baa6132ba78aaf6",
                "sha256:07afec21bbbbf8a5cc3651aa96b980afe2526e7f048fdfb7f1014d84acc8b6d8",
                "sha256:0b309d1747110feb25d7ed6b01afdec269c647d382c857ef4663bbe6ad95a912",
                "sha256:0d99dd8ff461990f12d6e42c7347fd9ab2532fb70e9621ba520f9e8637161d7c",
                "sha256:0de7b687289d3c1b3e8660d0741874abe7888100efe14bd0f9fd7141bcbda92b",
                "sha256:1110e22af8ca26b90bd6364fe4c763329b0ebf1ee213ba32b68c73de5752323d",
                "sha256:130272c698667a982a5d0e626851ceff662565379baf0ff2cc58067b81d4f11d",
                "sha256:136815f06a3ae311fae551c3df1f998a1ebd01ddd424aa5603a4336997629e95",
                "sha256:14215b71a762336254351b00ec720a8e85cada43b987da5a042e4ce3e82bd68e",
                "sha256:1db4e7fefefd0f548d73e2e2e041f9df5c59e178b4c72fbac4cc6f535cfb1565",
                "sha256:1ffd9493de4c922f2a38c2bf62b831dcec90ac673ed1ca182fe11b4d8e9f2a64",
                "sha256:2006769bd1640bdf4d5641c69a3d63b71b81445473cac5ded39740a226fa88ab",
                "sha256:20587d20f557fe189b7947d8e7ec5afa110ccf72a3128d61a2a387c3313f46be",
                "sha256:223217c3d4f82c3ac5e29032b3f1c2eb0fb591b72161f86d93f5719079dae93e",
                "sha256:27623ba66c183eca01bf9ff833875b459cad267aeeb044477fedac35e19ba907",
                "sha256:285e96d9d53422efc0d7a17c60e59f37fbf3dfa942073f666db4ac71e8d726d0",
                "sha256:2de62e8801ddfff069cd5c504ce3bc9672b23266597d4e4f50eda28846c322f2",
                "sha256:2f6c34da58ea9c1a9515621f4d9ac379871a8f21168ba1b5e09d74250de5ad62",
                "sha256:309a7de0a0ff3040acaebb35ec45d18db4b28232f21998851cfa709eeff49d62",
                "sha256:35c404d74c2926d0287fbd63ed5d27eb911eb9e4a3bb2c6d294f3cfd4a9e0c23",
                "sha256:3710a9751938947e6327ea9f3ea6332a09bf0ba0c09cae9cb1f250bd1f1549bc",
                "sha256:3d59d125ffbd6d552765510e3f31ed75ebac2c7470c7274195b9161a32350284",
                "sha256:40d3ff7fc90b98c637bda91c89d51264a3dcf210cade3a2c6f838c7268d7a4ca",
                "sha256:425c5f215d0eecee9a56cdb703203dda90423247421bf0d67125add85d0c4455",
                "sha256:43193c5cda5d612f247172016c4bb71251c784d7a4d9314677186a838ad34858",
                "sha256:44aeb140295a2f0659e113b31cfe92c9061622cadbc9e2a2f7b8ef6b1e29ef4b",
                "sha256:47334db71978b23ebcf3c0f9f5ee98b8d65992b65c9c4f2d34c2eaf5bcaf0594",
                "sha256:4796efc4faf6b53a18e3d46343535caed491776a22af773f366534056c4e1fbc",
                "sha256:4a51b48f42d9358460b78725283f04bddaf44a9358197b889657deba38f329db",
                "sha256:4b67fdab07fdd3c10bb21edab3cbfe8cf5696f453afce75d815d9d7223fbe88b",
                "sha256:4ec9dd88a5b71abfc74e9df5ebe7921c35cbb3b641181a531ca65cdb5e8e4dea",
                "sha256:4f9fc98dad6c2eaa32fc3af1417d95b5e3d08aff968df0cd320066def971f9a6",
                "sha256:54b6a92d009cbe2fb11054ba694bc9e284dad30a26757b1e372a1fdddaf21920",
                "sha256:55f56e2ebd4e3bc50442fbc0888c9d8c94e4e06a933804e2af3e89e2f9c1c749",
                "sha256:5726cf76c982532c1863fb64d8c6dd0e4c90b6ece9feb06c9f202417a31f7dd7",
                "sha256:5d447056e2ca60382d460a604b6302d8db69476fd2015c81e7c35417cfabe4cd",
                "sha256:5ed2e36c3e9b4f21dd9422f6893dec0abf2cca553af509b10cd630f878d3eb99",
                "sha256:5ff2ed8194587faf56555927b3aa10e6fb69d931e33953943bc4f837dfee2242",
                "sha256:62f60aebecfc7f4b82e3f639a7d1433a20ec32824db2199a11ad4f5e146ef5ee",
                "sha256:63bc5c4ae26e4bc6be6469943b8253c0fd4e4186c43ad46e713ea61a0ba49129",
                "sha256:6b40e8d38afe634559e398cc32b1472f376a4099c75fe6299ae607e404c033b2",
                "sha256:6b493a043635eb376e50eedf7818f2f322eabbaa974e948bd8bdd29eb7ef2a51",
                "sha256:6dba5d19c4dfab08e58d5b36304b3f92f3bd5d42c1a3fa37b5ba5cdf6dfcbcee",
                "sha256:6fd30dc99682dc2c603c2b315bded2799019cea829f8bf57dc6b61efde6611c8",
                "sha256:707b82d19e65c9bd28b81dde95249b07bf9f5b90ebe1ef17d9b57473f8a64b7b",
                "sha256:7706f5850360ac01d80c89bcef1640683cc12ed87f42579dab6c5d3ed6888613",
                "sha256:7782afc9b6b42200f7362858f9e73b1f8316afb276d316336c0ec3bd73312742",
                "sha256:79983512b108e4a164b9c8d34de3992f76d48cadc9554c9e60b43f308988aabe",
                "sha256:7f683ddc7eedd742e2889d2bfb96d69573fde1d92fcb811979cdb7165bb9c7d3",
                "sha256:82357d85de703176b5587dbe6ade8ff67f9f69a41c0733cf2425378b49954de5",
                "sha256:84450ba661fb96e9fd67629b93d2941c871ca86fc38d835d19d4225ff946a631",
                "sha256:86f4e8cca779080f66ff4f191a685ced73d2f72d50216f7112185dc02b90b9b7",
                "sha256:8cda06946eac330cbe6598f77bb54e690b4ca93f593dee1568ad22b04f347c15",
                "sha256:8ce7fd6767a1cc5a92a639b391891bf1c268b03ec7e021c7d6d902285259685c",
                "sha256:8ff4e7cdfdb1ab5698e675ca622e72d58a6fa2a8aa58195de0c0061288e6e3ea",
                "sha256:9289fd5dddcf57bab41d044f1756550f9e7cf0c8e373b8cdf0ce8773dc4bd417",
                "sha256:92a7e36b000bf022ef3dbb9c46bfe2d52c047d5e3f3343f43204263c5addc250",
                "sha256:92db3c28b5b2a273346bebb24857fda45601aef6ae1c011c0a997106581e8a88",
                "sha256:95c3c157765b031331dd4db3c775e58deaee050a3042fcad72cbc4189d7c8dca",
                "sha256:980b4f289d1d90ca5efcf07958d3eb38ed9c0b7676bf2831a54d4f66f9c27dfa",
                "sha256:9ae4ef0b3f6b41bad6366fb0ea4fc1d7ed051528e113a60fa2a65a9abb5b1d99",
                "sha256:9c98230f5042f4945f957d006edccc2af1e03ed5e37ce7c373f00a5a4daa6149",
                "sha256:9fa2566ca27d67c86569e8c85297aaf413ffab85a8960500f12ea34ff98e4c41",
                "sha256:a14969b8691f7998e74663b77b4c36c0337cb1df552da83d5c9004a93afdb574",
                "sha256:a8aacce6e2e1edcb6ac625fb0f8c3a9570ccc7bfba1f63419b3769ccf6a00ed0",
                "sha256:a8e538f46104c815be19c975572d74afb53f29650ea2025bbfaef359d2de2f7f",
                "sha256:aa41e526a5d4a9dfcfbab0716c7e8a1b215abd3f3df5a45cf18a12721d31cb5d",
                "sha256:aa693779a8b50cd97570e5a0f343538a8dbd3e496fa5dcb87e29406ad0299654",
                "sha256:ab22fbd9765e6954bc0bcff24c25ff71dcbfdb185fcdaca49e81bac68fe724d3",
                "sha256:ab2e5bef076f5a235c3774b4f4028a680432cded7cad37bba0fd90d64b187d19",
                "sha256:ab973df98fc99ab39080bfb0eb3a925181454d7c3ac8a1e695fddfae696d9e90",
                "sha256:af73657b7a68211996527dbfeffbb0864e043d270580c5aef06dc4b659a4b578",
                "sha256:b197e7094f232959f8f20541ead1d9862ac5ebea1d58e9849c1bf979255dfac9",
                "sha256:b295729485b06c1a0683af02a9e42d2caa9db04a373dc38a6a58cdd1e8abddf1",
                "sha256:b8831399554b92b72af5932cdbbd4ddc55c55f631bb13ff8fe4e6536a06c5c51",
                "sha256:b8dcd239c743aa2f9c22ce674a145e0a25cb1566c495928440a181ca1ccf6719",
                "sha256:bcb4f8ea87d03bc51ad04add8ceaf9b0f085ac045ab4d74e73bbc2dc033f0236",
                "sha256:bd7af3717683bea4c87acd8c0d3d5b44d56120b26fd3f8a692bdd2d5260c620a",
                "sha256:bf4475b82be41b07cc5e5ff94810e6a01f276e37c2d55571e3fe175e467a1a1c",
                "sha256:c3e446d253bd88f6377260d07c895816ebf33ffffd56c1c792b13bff9c3e1ade",
                "sha256:c57516e58fd17d03ebe67e181a4e4e2ccab1168f8c2976c6a334d4f819fe5944",
                "sha256:c94057af19bc953643a33581844649a7fdab902624d2eb739738a30e2b3e60fc",
                "sha256:cab5d0b79d987c67f3b9e9c53f54a61360422a5a0bc075f43cab5621d530c3b6",
                "sha256:ce031db0408e487fd2775d745ce30a7cd2923667cf3b69d48d219f1d8f5ddeb6",
                "sha256:cee4373f4d3ad28f1ab6290684d8e2ebdb9e7a1b74fdc39e4c211995f77bec27",
                "sha256:d5b054862739d276e09928de37c79ddeec42a6e1bfc55863be96a36ba22926f6",
                "sha256:dbe03226baf438ac4fda9e2d0715022fd579cb641c4cf639fa40d53b2fe6f3e2",
                "sha256:dc15e99b2d8a656f8e666854404f1ba54765871104e50c8e9813af8a7db07f12",
                "sha256:dcaf7c1524c0542ee2fc82cc8ec337f7a9f7edee2532421ab200d2b920fc97cf",
                "sha256:dd4eda173a9fcccb5f2e2bd2a9f423d180194b1bf17cf59e3269899235b2a114",
                "sha256:dd9a8bd8900e65504a305bf8ae6fa9fbc66de94178c420791d0293702fce2df7",
                "sha256:de7376c29d95d6719048c194a9cf1a1b0393fbe8488a22008610b0361d834ecf",
                "sha256:e7fdd52961feb4c96507aa649550ec2a0d527c086d284749b2f582f2d40a2e0d",
                "sha256:e91f541a85298cf35433bf66f3fab2a4a2cff05c127eeca4af174f6d497f0d4b",
                "sha256:e9e3c4c9e1ed40ea53acf11e2a386383c3304212c965773704e4603d589343ed",
                "sha256:ee803480535c44e7f5ad00788526da7d85525cfefaf8acf8ab9a310000be4b03",
                "sha256:f09cb5a7bbe1ecae6e87901a2eb23e0256bb524a79ccc53eb0b7629fbe7677c4",
                "sha256:f19c1585933c82098c2a520f8ec1227f20e339e33aca8fa6f956f6691b784e67",
                "sha256:f1a2f519ae173b5b6a2c9d5fa3116ce16e48b3462c8b96dfdded11055e3d6365",
                "sha256:f28f891ccd15c514a0981f3b9db9aa23d62fe1a99997512b0491d2ed323d229a",
                "sha256:f3e73a4255342d4eb26ef6df01e3962e73aa29baa3124a8e824c5d3364a65748",
                "sha256:f606a1881d2663630ea5b8ce2efe2111740df4b687bd78b34a8131baa007f79b",
                "sha256:fe9f97feb71aa9896b81973a7bbada8c49501dc73e58a10fcef6663af95e5079",
                "sha256:ffc519621dce0c767e96b9c53f09c5d215578e10b02c285809f76509a3931482"
            ],
            "markers": "python_full_version >= '3.7.0'",
            "version": "==3.4.0"
        },
        "cramjam": {
            "hashes": [
                "sha256:01573d3c05f75845af75f87d9f6d4d995ee48fafc9c9662679d944c71e658c59",
                "sha256:03a72a689c93b8a2c7c08b529c1224c47bd469722e559af231016694b90f6442",
                "sha256:0b48b11c328d91250dadc63c00753f5ba26eb9df5fe75ba2ce8a78631260479d",
                "sha256:0ffb891294e77f2a3b0137992ebd6eb9b1f1bc3728d7d4314632e30270855117",
                "sha256:19c44de9dee2ea0c586a5b12adc9bc28224544717bce88a94c3ee202b9ece25d",
                "sha256:1bfd9e9f050a4ef82644a5443742bd6e4d41afc201d5142dfbb5ac73a4f96b94",
                "sha256:202e4a5a496ea49d0bb5252fbee8b6e421d256968773c7a8b3e86d98eec9228e",
                "sha256:22927dbdda85d8719074e061f9ec024c9bf16088e5e4c6c1c134c46e2d9153b7",
                "sha256:241b9853de56524895c17541d34bdcdd316261247253cb9faeb57a21cc2ae28c",
                "sha256:2645f0e01735231e3c4d1568c95cc00ed477c1c2e2ed45cb123bef2ccbe72282",
                "sha256:272ab041e95e4088321bffd63ead85d32f86f9fc79f37944663abb59e7fecbb1",
                "sha256:2a96ff622f0db7f89d7c9aeadd9cc0c9bf61e804841a03a22ca919aa4955640d",
                "sha256:2b5a463b01d8867f78a361defb4fadca63635965e8204f7e2409b717d85f0c1d",
                "sha256:3cd45d09229960a89e0e3bbf71d29ac399391446f51279f3202846d7da106eb7",
                "sha256:3d5ed0fa20b42e063ef66ad01d9948e868bbfc327bf86604e078b67f074f76f3",
                "sha256:3f2e41dc8143d0e88ec9ba3ff66c8d2aea486b04931119abe9e394f9961d74bc",
                "sha256:44e262f083a0d1c19bc7b8bf8aaa54d31653eab67762cdaeb68fb40b844d50b9",
                "sha256:44fe99233ef2f42ff03d8395e7d97e0c45306eb356f6f01fa69bdb49783fdb8a",
                "sha256:47ae97247a58d3095be800420bba7e43cc6958e67f9dfddd12decdb4c99c4d6f",
                "sha256:4bb065d054e49645414bc84eaa49a6b7ed6c7185fb8ba2648c518344cf481144",
                "sha256:4d56afb5f278a18743a218514825b6ab176f18a4084d8f6515c64e3acef19478",
                "sha256:4f48e35701528beed092d97c5a1a6ba6c8902c3485d7e3a55c463162bb66afa0",
                "sha256:53ac8df43546d3f70acbc5c17424a8c083418bd6d2cacfbd5108aaa8f3eb26db",
                "sha256:579fb724eec048b1a18ca8f7ad9a7ef296dc02eba5f87fd4d5031f0c32c5c9ac",
                "sha256:58bf5b4dd8f1edaa3bd66b51a26790115efa36cebf66a198a60d095739010b36",
                "sha256:5e3869a2ecb7764f18e81afa07aa15a6f28921ae4508ab002314aafecfe7a285",
                "sha256:5f8d684a8b918e289bd213d55ea5f67dbf6cc379492e2a7e094724ec62846dea",
                "sha256:60951e64d3e05ef2a46d2a92fc4e4563ae5e28bb3b6f231f2dca68a5078a72dc",
                "sha256:66d6a7906fbe8c2e46e987d5a3a9cb235e931b3e4721ac7d8573151c419e3f73",
                "sha256:6a8f0fd14bd11f2a625e5c554fd93c7775082c31ffd9fbabb4fe9db3031645d0",
                "sha256:6bf4ec082a7647ed7463c5e0bd176850a9f013c258ad98f53055bcd1716c7fac",
                "sha256:71bf6a6632648333c402a8692fe61f45416066eb0d8b7f4530cdf37fee221a11",
                "sha256:79c36d95e89b43c29595c889c7a4d30d29aefc55d7c58a26a058b9bbe7abd5cf",
                "sha256:7b0fa1f8600fdf093a4e5eac5dc56084047abec50d589a8121618e3fb1f9de3f",
                "sha256:7e44dda432a8c8a47cb73869201d2f9777604bd913d859def84c659fb736cfd3",
                "sha256:820421600d395d0e11b9da1e983acde453637090f5a15abb45f5182cd35f9c3a",
                "sha256:831951a3eccebd5911387e3fff14483747d3dae5ad496afbd50447ffe2d03dba",
                "sha256:89b683919ffc846b91b405d5f14df8a2ba1167f4ed9277150298fbe91a3d4aae",
                "sha256:8e82276b120000834af3f776cbe22ac3016cd9e0ed00e7f3fb31e2ce95e17181",
                "sha256:8ea1c781d3760df0b6ad80b7b19dc8e038e0638fb1cfabc68da96cedb8d0adca",
                "sha256:91bb03ca0d3857f319afd13525d5c6214a55aa49778ce46a02c16f0eee37907c",
                "sha256:9698ed7fe78b4de81dcee0624311ee93a4436f0b3e3c6b147a6745a3fd210272",
                "sha256:9a3f45cd17730c00358643a814d5921a31c8a0d238582e08594fa86fdbc8401c",
                "sha256:9f9e403be6307e98a47cc7d0132fe1fe4683c873c5d7d9da099fbac9c299a4b0",
                "sha256:a08dcb7c7b54f82db4ee9120aaace06326499c0d4108770ee7ac63d7bd1d803d",
                "sha256:a7f93316abc1abfd348b04afc6cadbbd4fba44cd91e7b9803c9330045a7a1885",
                "sha256:aac9d49e16f473ceb4eaf74a53180eac3363127f01855c39122b400a988e80bf",
                "sha256:b84565611f36ee8c3944b96bb01ee4d44c101acf84f1430c9414986ab3a7fb03",
                "sha256:bee04fd1cdd5f2a2e91e4b271f22e228c698fe7b7f8ef209374d717f7889e80c",
                "sha256:bef07e7d4607c4d70627e58eb630fe60e48b80a61ab05b33314e3296eb90af78",
                "sha256:c2602c42ed101ada634fa37253d40946f0468b2b749689781cba715a7d78038e",
                "sha256:ca6309d06edf29a9a5c22e25d1d7f7609abb8ae7281583bc486afb19fd645898",
                "sha256:d07c5af763501bd23523658aeb535082eaac014746f7973df85f76b0d9b40967",
                "sha256:d143ccb3f5aae640f0c2dd6244d43f5e5e81d847b50c2eb9f08dcc3dc33f367a",
                "sha256:d5c411d785cec410d4164e4ecc76b6c152761fbb61325bcc4acbdc8926874c0b",
                "sha256:dd77e784289fc44a5e6487b2e263f07cc271f25a8395e97213b6a934fe47a768",
                "sha256:df46019cb999d874ce86e08d71d7d2983c052d6a63f7aa6bce960e4e05e8ea37",
                "sha256:e6231fd3ac680c34c0d8405abfa8c3d12f92e28d0897d960aa905f053cc09e63",
                "sha256:e8b8b968db6a6ec03de231ca17536f8cd69d74e36f0e47e68391a22231c0042c",
                "sha256:ebc87176851c50c5aaf6bacafb6bed5a86e3b4ee6a749d6ec13f3d37ae0e951a",
                "sha256:ee4bc46e5cf87d6097833bca33a66f2724b4773242a71ed642d13682fedefb71",
                "sha256:ee80ebd85acec1031e7563cce3de3961bd3f2ec8947c5bf84a9356b25af67a75",
                "sha256:f3544ea95d0e98ac926d92d652adc417e78091117cbe2ef7733e26c40601604c",
                "sha256:f52718e1c7aed3d0e3ffbbe5c085d9c449daa726379788ddb27cb62ffc2b6ba1",
                "sha256:f9340c70d95ea102cf51a07ecc09f93f1363e585d97b5276734a5f8c4476e560",
                "sha256:fab800ed93fb129d85c63f26660b695fb194efb29765a163f269321778e28a8d",
                "sha256:fbc59b223750a901d65d96333461ab17076594fa34448ed2ef911bd4b628f068",
                "sha256:fbffb1f63edf4cb4272a25de288c2f2e20914bb93e003883656774e61794b960",
                "sha256:fd2e81c69baacb95fa28cdf844f714d7c03f0c805f4fa2decc5e9565e6b4405d"
            ],
            "markers": "python_version >= '3.7'",
            "version": "==2.7.0"
        },
        "fastparquet": {
            "hashes": [
                "sha256:076fedfba2b56782b4823c1d351424425cfeaa5b8644c542416ca1363fe6d921",
                "sha256:118d1832ed2098f313936044012083c8c1b07da85ee11612895f3c4ef27bfd8a",
                "sha256:1fac5319aabcbc4acc2feb5df68336de755de7d60a2ee9329fef178ac016e236",
                "sha256:20c17c5e7186723a175c9e7da94285bdef3cb477cb7cca0e2812b1e245279671",
                "sha256:2635f0f37a983e35be9b8013b84361e3d0cdd4f514b822016445c029b1c6e007",
                "sha256:2a0c1f485d3085fe98dbae9ead2e97a886deb99d3db7af635296bfd3f4f2f814",
                "sha256:2be7d33969e724c8aa777122d6032845a362cb2075f6e6f2c5b2150bd6223cc8",
                "sha256:2da633a0bd1889f30acb1b6dffa99832739802d0ae5f455b4e5eb720ab701e09",
                "sha256:332cb3b204e1de64dcfc4c5d0b517ea665856d19c139f693e8c9efc11992e19e",
                "sha256:35cff597d2778b6fe8ef7dc36cba056cd7337151dbfc2fb08abaa6b109c75140",
                "sha256:4c5208db1f38c8ac5f50f309f77bdb828fa7f247b82e2df88d847ad3bec38903",
                "sha256:53b9ad8d646c2609854cbe7d7b17be343664cabae1cd0eb119011e389df8484d",
                "sha256:5c3afafd4a0907216f5ee4f835f47ad16b84c5dede4c5ca4c0754dffe3eb72d7",
                "sha256:5eb06a70daf50d70290b87f3a5ca6f25eb24ad850bcc68197b5438d92b11c763",
                "sha256:62aabf43b6bbbc074b89f9a4769f7276204b6585d2d8fae770a0b782da5b9fc9",
                "sha256:68d26a1172be5b02018f6c28603f195807955d8262b913349385d977f3ae081f",
                "sha256:75a00475e96d26214dace147b27ab782da7a0ae230cade05ea9181c3aec2e637",
                "sha256:7f8d53f5e5049b21893964cd27154c2a7c8180f3ffd1f2693f80e0f834a3a35e",
                "sha256:8aff041900ebcb4c2510bede80695fed35fb7c24dfd83b60ba8b56d7ede4e0fe",
                "sha256:9133d2f975c6e05187be4b558060e6a4aafeba02dceaf849cf6ad46d32e59405",
                "sha256:91ee6b5b0efc18586e61da6662119de92fc7bf552c3a08a13eb2af16bc12f16a",
                "sha256:9296098d06c6692ee477fe491381eda39fc0dcfe2fce210496491fe16ce27ef8",
                "sha256:99568ae6bbbd973b32d796cb664ba156b101e5d1931dba780fe2dc0d9b227dfd",
                "sha256:a746f521da7459707899fc33b334b2d21f590380f472fc27642f3ef28ee451d2",
                "sha256:ab978612d21630033df0a0b12423ed826fe36e83a1710b155968c3c6e2b3174a",
                "sha256:af0c1d5559aa0a4fff8eb3b301c8177b6813bb15fe9d2007ad0dc89f8fa519c5",
                "sha256:b2a9ee49039223a1e216c409c25072be1f362de27197cbec5f90cf2e736df3b0",
                "sha256:b7086ca3a0d8ae8680b380da9b7057a1491d629945b1dd228eba5b362e2e39aa",
                "sha256:b798cdfa8f01cd573b135a493a4d0686ebbcd3a412d6e59889a7ae41ff90efeb",
                "sha256:b826696cd48f1defb6fcafb4c9798102233e54f3f3491251c034dde3d94f420a",
                "sha256:ba85d9e5c298515a347f94bc65c0b570391b344d765dc349bafb35137466ddb2",
                "sha256:bf2d58bee17e0eea8565c2bcd2b339ee032472751651e21f000eb564ad3cd5cf",
                "sha256:c61d26705e9a2ad2d52ed1d527c75e96e6a9a04be35bd4c8d6f4accd778f9b05",
                "sha256:c975d648ea491e684135e9e3c0a15b440d66d0772fe497269e5c9c4eaaeb62a2",
                "sha256:cde8f6798d37e2af38ada058fc7018c2157d90a8dd728c0c59fab85b8adb9215",
                "sha256:e86d64898e846ed0f5745427436e5772fd7bb5d9a930f1dca8233e90385e126b",
                "sha256:ea74f28494fda892641a564f728d046a074fdea5b9ff664ef9554c0da563bad4",
                "sha256:efc30c502feaa67c058c496eb4a734eba8bd373f0d24a32cc69360c79f7220ef"
            ],
            "index": "pypi",
            "version": "==2023.10.1"
        },
        "fsspec": {
            "hashes": [
                "sha256:330c66757591df346ad3091a53bd907e15348c2ba17d63fd54f5c39c4457d2a5",
                "sha256:346a8f024efeb749d2a5fca7ba8854474b1ff9af7c3faaf636a4548781136529"
            ],
            "markers": "python_version >= '3.8'",
            "version": "==2023.10.0"
        },
        "idna": {
            "hashes": [
                "sha256:12f65c9b470abda6dc35cf8e63cc574b1c52b11df2c86030af0ac09b01b13ea9",
                "sha256:946d195a0d259cbba61165e88e65941f16e9b36ea6ddb97f00452bae8b1287d3"
            ],
            "markers": "python_version >= '3.6'",
            "version": "==3.10"
        },
        "nba-api": {
            "hashes": [
                "sha256:25fbc35df0325c3773cd5550ae11d5a7c9946a321fb525e5cac80c33f63f8beb",
                "sha256:e79c2ca28c12a22766efc50a3c8c624f2147def161c8b6b9c2a2f685049ee406"
            ],
            "index": "pypi",
            "markers": "python_version >= '3.9' and python_version < '4.0'",
            "version": "==1.6.0"
        },
        "numpy": {
            "hashes": [
                "sha256:03a8c78d01d9781b28a6989f6fa1bb2c4f2d51201cf99d3dd875df6fbd96b23b",
                "sha256:08beddf13648eb95f8d867350f6a018a4be2e5ad54c8d8caed89ebca558b2818",
                "sha256:1af303d6b2210eb850fcf03064d364652b7120803a0b872f5211f5234b399f20",
                "sha256:1dda2e7b4ec9dd512f84935c5f126c8bd8b9f2fc001e9f54af255e8c5f16b0e0",
                "sha256:2a02aba9ed12e4ac4eb3ea9421c420301a0c6460d9830d74a9df87efa4912010",
                "sha256:2e4ee3380d6de9c9ec04745830fd9e2eccb3e6cf790d39d7b98ffd19b0dd754a",
                "sha256:3373d5d70a5fe74a2c1bb6d2cfd9609ecf686d47a2d7b1d37a8f3b6bf6003aea",
                "sha256:47711010ad8555514b434df65f7d7b076bb8261df1ca9bb78f53d3b2db02e95c",
                "sha256:4c66707fabe114439db9068ee468c26bbdf909cac0fb58686a42a24de1760c71",
                "sha256:50193e430acfc1346175fcbdaa28ffec49947a06918b7b92130744e81e640110",
                "sha256:52b8b60467cd7dd1e9ed082188b4e6bb35aa5cdd01777621a1658910745b90be",
                "sha256:60dedbb91afcbfdc9bc0b1f3f402804070deed7392c23eb7a7f07fa857868e8a",
                "sha256:62b8e4b1e28009ef2846b4c7852046736bab361f7aeadeb6a5b89ebec3c7055a",
                "sha256:666dbfb6ec68962c033a450943ded891bed2d54e6755e35e5835d63f4f6931d5",
                "sha256:675d61ffbfa78604709862923189bad94014bef562cc35cf61d3a07bba02a7ed",
                "sha256:679b0076f67ecc0138fd2ede3a8fd196dddc2ad3254069bcb9faf9a79b1cebcd",
                "sha256:7349ab0fa0c429c82442a27a9673fc802ffdb7c7775fad780226cb234965e53c",
                "sha256:7ab55401287bfec946ced39700c053796e7cc0e3acbef09993a9ad2adba6ca6e",
                "sha256:7e50d0a0cc3189f9cb0aeb3a6a6af18c16f59f004b866cd2be1c14b36134a4a0",
                "sha256:95a7476c59002f2f6c590b9b7b998306fba6a5aa646b1e22ddfeaf8f78c3a29c",
                "sha256:96ff0b2ad353d8f990b63294c8986f1ec3cb19d749234014f4e7eb0112ceba5a",
                "sha256:9fad7dcb1aac3c7f0584a5a8133e3a43eeb2fe127f47e3632d43d677c66c102b",
                "sha256:9ff0f4f29c51e2803569d7a51c2304de5554655a60c5d776e35b4a41413830d0",
                "sha256:a354325ee03388678242a4d7ebcd08b5c727033fcff3b2f536aea978e15ee9e6",
                "sha256:a4abb4f9001ad2858e7ac189089c42178fcce737e4169dc61321660f1a96c7d2",
                "sha256:ab47dbe5cc8210f55aa58e4805fe224dac469cde56b9f731a4c098b91917159a",
                "sha256:afedb719a9dcfc7eaf2287b839d8198e06dcd4cb5d276a3df279231138e83d30",
                "sha256:b3ce300f3644fb06443ee2222c2201dd3a89ea6040541412b8fa189341847218",
                "sha256:b97fe8060236edf3662adfc2c633f56a08ae30560c56310562cb4f95500022d5",
                "sha256:bfe25acf8b437eb2a8b2d49d443800a5f18508cd811fea3181723922a8a82b07",
                "sha256:cd25bcecc4974d09257ffcd1f098ee778f7834c3ad767fe5db785be9a4aa9cb2",
                "sha256:d209d8969599b27ad20994c8e41936ee0964e6da07478d6c35016bc386b66ad4",
                "sha256:d5241e0a80d808d70546c697135da2c613f30e28251ff8307eb72ba696945764",
                "sha256:edd8b5fe47dab091176d21bb6de568acdd906d1887a4584a15a9a96a1dca06ef",
                "sha256:f870204a840a60da0b12273ef34f7051e98c3b5961b61b0c2c1be6dfd64fbcd3",
                "sha256:ffa75af20b44f8dba823498024771d5ac50620e6915abac414251bd971b4529f"
            ],
            "markers": "python_version >= '3.9'",
            "version": "==1.26.4"
        },
        "packaging": {
            "hashes": [
                "sha256:048fb0e9405036518eaaf48a55953c750c11e1a1b68e0dd1a9d62ed0c092cfc5",
                "sha256:8c491190033a9af7e1d931d0b5dacc2ef47509b34dd0de67ed209b5203fc88c7"
            ],
            "markers": "python_version >= '3.7'",
            "version": "==23.2"
        },
        "pandas": {
            "hashes": [
                "sha256:021f09c15e1381e202d95d4a21ece8e7f2bf1388b6d7e9cae09dfe27bd2043d1",
                "sha256:02954e285e8e2f4006b6f22be6f0df1f1c3c97adbb7ed211c6b483426f20d5c8",
                "sha256:08d287b68fd28906a94564f15118a7ca8c242e50ae7f8bd91130c362b2108a81",
                "sha256:24057459f19db9ebb02984c6fdd164a970b31a95f38e4a49cf7615b36a1b532c",
                "sha256:25c9976c17311388fcd953cb3d0697999b2205333f4e11e669d90ff8d830d429",
                "sha256:3223f997b6d2ebf9c010260cf3d889848a93f5d22bb4d14cd32638b3d8bba7ad",
                "sha256:3f76280ce8ec216dde336e55b2b82e883401cf466da0fe3be317c03fb8ee7c7d",
                "sha256:52867d69a54e71666cd184b04e839cff7dfc8ed0cd6b936995117fdae8790b69",
                "sha256:52897edc2774d2779fbeb6880d2cfb305daa0b1a29c16b91f531a18918a6e0f3",
                "sha256:5aa6b86802e8cf7716bf4b4b5a3c99b12d34e9c6a9d06dad254447a620437931",
                "sha256:5b40c9f494e1f27588c369b9e4a6ca19cd924b3a0e1ef9ef1a8e30a07a438f43",
                "sha256:65177d1c519b55e5b7f094c660ed357bb7d86e799686bb71653b8a4803d8ff0d",
                "sha256:6ae6ffbd9d614c20d028c7117ee911fc4e266b4dca2065d5c5909e401f8ff683",
                "sha256:7ad20d24acf3a0042512b7e8d8fdc2e827126ed519d6bd1ed8e6c14ec8a2c813",
                "sha256:83c166b9bb27c1715bed94495d9598a7f02950b4749dba9349c1dd2cbf10729d",
                "sha256:851b5afbb0d62f6129ae891b533aa508cc357d5892c240c91933d945fff15731",
                "sha256:8d0382645ede2fde352da2a885aac28ec37d38587864c0689b4b2361d17b1d4c",
                "sha256:a6cf8fcc8a63d333970b950a7331a30544cf59b1a97baf0a7409e09eafc1ac38",
                "sha256:bbd98dcdcd32f408947afdb3f7434fade6edd408c3077bbce7bd840d654d92c6",
                "sha256:d594e2ce51b8e0b4074e6644758865dc2bb13fd654450c1eae51201260a539f1",
                "sha256:e78507adcc730533619de07bfdd1c62b2918a68cd4419ea386e28abf7f6a1e5c",
                "sha256:e7f12b2de0060b0b858cfec0016e7d980ae5bae455a1746bfcc70929100ee633",
                "sha256:e90c95abb3285d06f6e4feedafc134306a8eced93cb78e08cf50e224d5ce22e2",
                "sha256:eff794eeb7883c5aefb1ed572e7ff533ae779f6c6277849eab9e77986e352688",
                "sha256:fc4944dc004ca6cc701dfa19afb8bdb26ad36b9bed5bcec617d2a11e9cae6902"
            ],
            "index": "pypi",
            "version": "==2.1.2"
        },
        "pyarrow": {
            "hashes": [
                "sha256:09552dad5cf3de2dc0aba1c7c4b470754c69bd821f5faafc3d774bedc3b04bb7",
                "sha256:0f6eff839a9e40e9c5610d3ff8c5bdd2f10303408312caf4c8003285d0b49565",
                "sha256:1afcc2c33f31f6fb25c92d50a86b7a9f076d38acbcb6f9e74349636109550148",
                "sha256:3896ae6c205d73ad192d2fc1489cd0edfab9f12867c85b4c277af4d37383c18c",
                "sha256:47663efc9c395e31d09c6aacfa860f4473815ad6804311c5433f7085415d62a7",
                "sha256:51be67e29f3cfcde263a113c28e96aa04362ed8229cb7c6e5f5c719003659d33",
                "sha256:588f0d2da6cf1b1680974d63be09a6530fd1bd825dc87f76e162404779a157dc",
                "sha256:6241afd72b628787b4abea39e238e3ff9f34165273fad306c7acf780dd850956",
                "sha256:6647444b21cb5e68b593b970b2a9a07748dd74ea457c7dadaa15fd469c48ada1",
                "sha256:68fcd2dc1b7d9310b29a15949cdd0cb9bc34b6de767aff979ebf546020bf0ba0",
                "sha256:69b6f9a089d116a82c3ed819eea8fe67dae6105f0d81eaf0fdd5e60d0c6e0944",
                "sha256:70fa38cdc66b2fc1349a082987f2b499d51d072faaa6b600f71931150de2e0e3",
                "sha256:83333726e83ed44b0ac94d8d7a21bbdee4a05029c3b1e8db58a863eec8fd8a33",
                "sha256:868a073fd0ff6468ae7d869b5fc1f54de5c4255b37f44fb890385eb68b68f95d",
                "sha256:8b30a27f1cddf5c6efcb67e598d7823a1e253d743d92ac32ec1eb4b6a1417867",
                "sha256:aac0ae0146a9bfa5e12d87dda89d9ef7c57a96210b899459fc2f785303dcbb67",
                "sha256:ab1268db81aeb241200e321e220e7cd769762f386f92f61b898352dd27e402ce",
                "sha256:b9ba6b6d34bd2563345488cf444510588ea42ad5613df3b3509f48eb80250afd",
                "sha256:c51afd87c35c8331b56f796eff954b9c7f8d4b7fef5903daf4e05fcf017d23a8",
                "sha256:cd57b13a6466822498238877892a9b287b0a58c2e81e4bdb0b596dbb151cbb73",
                "sha256:d00d374a5625beeb448a7fa23060df79adb596074beb3ddc1838adb647b6ef09",
                "sha256:d1b4e7176443d12610874bb84d0060bf080f000ea9ed7c84b2801df851320295",
                "sha256:d7759994217c86c161c6a8060509cfdf782b952163569606bb373828afdd82e8",
                "sha256:dc6fd330fd574c51d10638e63c0d00ab456498fc804c9d01f2a61b9264f2c5b2",
                "sha256:e3ad79455c197a36eefbd90ad4aa832bece7f830a64396c15c61a0985e337287",
                "sha256:e66442e084979a97bb66939e18f7b8709e4ac5f887e636aba29486ffbf373763",
                "sha256:ee7490f0f3f16a6c38f8c680949551053c8194e68de5046e6c288e396dccee80",
                "sha256:f8ce69f7bf01de2e2764e14df45b8404fc6f1a5ed9871e8e08a12169f87b7a26",
                "sha256:fda7857e35993673fcda603c07d43889fca60a5b254052a462653f8656c64f44"
            ],
            "index": "pypi",
            "version": "==13.0.0"
        },
        "python-dateutil": {
            "hashes": [
                "sha256:0123cacc1627ae19ddf3c27a5de5bd67ee4586fbdd6440d9748f8abb483d3e86",
                "sha256:961d03dc3453ebbc59dbdea9e4e11c5651520a876d0f4db161e8674aae935da9"
            ],
            "markers": "python_version >= '2.7' and python_version not in '3.0, 3.1, 3.2, 3.3'",
            "version": "==2.8.2"
        },
        "pytz": {
            "hashes": [
                "sha256:7b4fddbeb94a1eba4b557da24f19fdf9db575192544270a9101d8509f9f43d7b",
                "sha256:ce42d816b81b68506614c11e8937d3aa9e41007ceb50bfdcb0749b921bf646c7"
            ],
            "version": "==2023.3.post1"
        },
        "requests": {
            "hashes": [
                "sha256:55365417734eb18255590a9ff9eb97e9e1da868d4ccd6402399eaf68af20a760",
                "sha256:70761cfe03c773ceb22aa2f671b4757976145175cdfca038c02654d061d6dcc6"
            ],
            "markers": "python_version >= '3.8'",
            "version": "==2.32.3"
        },
        "six": {
            "hashes": [
                "sha256:1e61c37477a1626458e36f7b1d82aa5c9b094fa4802892072e49de9c60c4c926",
                "sha256:8abb2f1d86890a2dfb989f9a77cfcfd3e47c2a354b01111771326f8aa26e0254"
            ],
            "markers": "python_version >= '2.7' and python_version not in '3.0, 3.1, 3.2, 3.3'",
            "version": "==1.16.0"
        },
        "tzdata": {
            "hashes": [
                "sha256:11ef1e08e54acb0d4f95bdb1be05da659673de4acbd21bf9c69e94cc5e907a3a",
                "sha256:7e65763eef3120314099b6939b5546db7adce1e7d6f2e179e3df563c70511eda"
            ],
            "markers": "python_version >= '2'",
            "version": "==2023.3"
        },
        "urllib3": {
            "hashes": [
                "sha256:ca899ca043dcb1bafa3e262d73aa25c465bfb49e0bd9dd5d59f1d0acba2f8fac",
                "sha256:e7d814a81dad81e6caf2ec9fdedb284ecc9c73076b62654547cc64ccdcae26e9"
            ],
            "markers": "python_version >= '3.8'",
            "version": "==2.2.3"
        }
    },
    "develop": {}
}
