{
    "_meta": {
        "hash": {
            "sha256": "7267d3c531cefb88acbbcc7421f5a72f44f305ec5252395e2b0ee048403952ab"
        },
        "pipfile-spec": 6,
        "requires": {
            "python_version": "3.10"
        },
        "sources": [
            {
                "name": "pypi",
                "url": "https://pypi.org/simple",
                "verify_ssl": true
            }
        ]
    },
    "default": {
        "certifi": {
            "hashes": [
                "sha256:539cc1d13202e33ca466e88b2807e29f4c13049d6d87031a3c110744495cb082",
                "sha256:92d6037539857d8206b8f6ae472e8b77db8058fec5937a1ef3f54304089edbb9"
            ],
            "markers": "python_version >= '3.6'",
            "version": "==2023.7.22"
        },
        "charset-normalizer": {
            "hashes": [
                "sha256:06435b539f889b1f6f4ac1758871aae42dc3a8c0e24ac9e60c2384973ad73027",
                "sha256:06a81e93cd441c56a9b65d8e1d043daeb97a3d0856d177d5c90ba85acb3db087",
                "sha256:0a55554a2fa0d408816b3b5cedf0045f4b8e1a6065aec45849de2d6f3f8e9786",
                "sha256:0b2b64d2bb6d3fb9112bafa732def486049e63de9618b5843bcdd081d8144cd8",
                "sha256:10955842570876604d404661fbccbc9c7e684caf432c09c715ec38fbae45ae09",
                "sha256:122c7fa62b130ed55f8f285bfd56d5f4b4a5b503609d181f9ad85e55c89f4185",
                "sha256:1ceae2f17a9c33cb48e3263960dc5fc8005351ee19db217e9b1bb15d28c02574",
                "sha256:1d3193f4a680c64b4b6a9115943538edb896edc190f0b222e73761716519268e",
                "sha256:1f79682fbe303db92bc2b1136016a38a42e835d932bab5b3b1bfcfbf0640e519",
                "sha256:2127566c664442652f024c837091890cb1942c30937add288223dc895793f898",
                "sha256:22afcb9f253dac0696b5a4be4a1c0f8762f8239e21b99680099abd9b2b1b2269",
                "sha256:25baf083bf6f6b341f4121c2f3c548875ee6f5339300e08be3f2b2ba1721cdd3",
                "sha256:2e81c7b9c8979ce92ed306c249d46894776a909505d8f5a4ba55b14206e3222f",
                "sha256:3287761bc4ee9e33561a7e058c72ac0938c4f57fe49a09eae428fd88aafe7bb6",
                "sha256:34d1c8da1e78d2e001f363791c98a272bb734000fcef47a491c1e3b0505657a8",
                "sha256:37e55c8e51c236f95b033f6fb391d7d7970ba5fe7ff453dad675e88cf303377a",
                "sha256:3d47fa203a7bd9c5b6cee4736ee84ca03b8ef23193c0d1ca99b5089f72645c73",
                "sha256:3e4d1f6587322d2788836a99c69062fbb091331ec940e02d12d179c1d53e25fc",
                "sha256:42cb296636fcc8b0644486d15c12376cb9fa75443e00fb25de0b8602e64c1714",
                "sha256:45485e01ff4d3630ec0d9617310448a8702f70e9c01906b0d0118bdf9d124cf2",
                "sha256:4a78b2b446bd7c934f5dcedc588903fb2f5eec172f3d29e52a9096a43722adfc",
                "sha256:4ab2fe47fae9e0f9dee8c04187ce5d09f48eabe611be8259444906793ab7cbce",
                "sha256:4d0d1650369165a14e14e1e47b372cfcb31d6ab44e6e33cb2d4e57265290044d",
                "sha256:549a3a73da901d5bc3ce8d24e0600d1fa85524c10287f6004fbab87672bf3e1e",
                "sha256:55086ee1064215781fff39a1af09518bc9255b50d6333f2e4c74ca09fac6a8f6",
                "sha256:572c3763a264ba47b3cf708a44ce965d98555f618ca42c926a9c1616d8f34269",
                "sha256:573f6eac48f4769d667c4442081b1794f52919e7edada77495aaed9236d13a96",
                "sha256:5b4c145409bef602a690e7cfad0a15a55c13320ff7a3ad7ca59c13bb8ba4d45d",
                "sha256:6463effa3186ea09411d50efc7d85360b38d5f09b870c48e4600f63af490e56a",
                "sha256:65f6f63034100ead094b8744b3b97965785388f308a64cf8d7c34f2f2e5be0c4",
                "sha256:663946639d296df6a2bb2aa51b60a2454ca1cb29835324c640dafb5ff2131a77",
                "sha256:6897af51655e3691ff853668779c7bad41579facacf5fd7253b0133308cf000d",
                "sha256:68d1f8a9e9e37c1223b656399be5d6b448dea850bed7d0f87a8311f1ff3dabb0",
                "sha256:6ac7ffc7ad6d040517be39eb591cac5ff87416c2537df6ba3cba3bae290c0fed",
                "sha256:6b3251890fff30ee142c44144871185dbe13b11bab478a88887a639655be1068",
                "sha256:6c4caeef8fa63d06bd437cd4bdcf3ffefe6738fb1b25951440d80dc7df8c03ac",
                "sha256:6ef1d82a3af9d3eecdba2321dc1b3c238245d890843e040e41e470ffa64c3e25",
                "sha256:753f10e867343b4511128c6ed8c82f7bec3bd026875576dfd88483c5c73b2fd8",
                "sha256:7cd13a2e3ddeed6913a65e66e94b51d80a041145a026c27e6bb76c31a853c6ab",
                "sha256:7ed9e526742851e8d5cc9e6cf41427dfc6068d4f5a3bb03659444b4cabf6bc26",
                "sha256:7f04c839ed0b6b98b1a7501a002144b76c18fb1c1850c8b98d458ac269e26ed2",
                "sha256:802fe99cca7457642125a8a88a084cef28ff0cf9407060f7b93dca5aa25480db",
                "sha256:80402cd6ee291dcb72644d6eac93785fe2c8b9cb30893c1af5b8fdd753b9d40f",
                "sha256:8465322196c8b4d7ab6d1e049e4c5cb460d0394da4a27d23cc242fbf0034b6b5",
                "sha256:86216b5cee4b06df986d214f664305142d9c76df9b6512be2738aa72a2048f99",
                "sha256:87d1351268731db79e0f8e745d92493ee2841c974128ef629dc518b937d9194c",
                "sha256:8bdb58ff7ba23002a4c5808d608e4e6c687175724f54a5dade5fa8c67b604e4d",
                "sha256:8c622a5fe39a48f78944a87d4fb8a53ee07344641b0562c540d840748571b811",
                "sha256:8d756e44e94489e49571086ef83b2bb8ce311e730092d2c34ca8f7d925cb20aa",
                "sha256:8f4a014bc36d3c57402e2977dada34f9c12300af536839dc38c0beab8878f38a",
                "sha256:9063e24fdb1e498ab71cb7419e24622516c4a04476b17a2dab57e8baa30d6e03",
                "sha256:90d558489962fd4918143277a773316e56c72da56ec7aa3dc3dbbe20fdfed15b",
                "sha256:923c0c831b7cfcb071580d3f46c4baf50f174be571576556269530f4bbd79d04",
                "sha256:95f2a5796329323b8f0512e09dbb7a1860c46a39da62ecb2324f116fa8fdc85c",
                "sha256:96b02a3dc4381e5494fad39be677abcb5e6634bf7b4fa83a6dd3112607547001",
                "sha256:9f96df6923e21816da7e0ad3fd47dd8f94b2a5ce594e00677c0013018b813458",
                "sha256:a10af20b82360ab00827f916a6058451b723b4e65030c5a18577c8b2de5b3389",
                "sha256:a50aebfa173e157099939b17f18600f72f84eed3049e743b68ad15bd69b6bf99",
                "sha256:a981a536974bbc7a512cf44ed14938cf01030a99e9b3a06dd59578882f06f985",
                "sha256:a9a8e9031d613fd2009c182b69c7b2c1ef8239a0efb1df3f7c8da66d5dd3d537",
                "sha256:ae5f4161f18c61806f411a13b0310bea87f987c7d2ecdbdaad0e94eb2e404238",
                "sha256:aed38f6e4fb3f5d6bf81bfa990a07806be9d83cf7bacef998ab1a9bd660a581f",
                "sha256:b01b88d45a6fcb69667cd6d2f7a9aeb4bf53760d7fc536bf679ec94fe9f3ff3d",
                "sha256:b261ccdec7821281dade748d088bb6e9b69e6d15b30652b74cbbac25e280b796",
                "sha256:b2b0a0c0517616b6869869f8c581d4eb2dd83a4d79e0ebcb7d373ef9956aeb0a",
                "sha256:b4a23f61ce87adf89be746c8a8974fe1c823c891d8f86eb218bb957c924bb143",
                "sha256:bd8f7df7d12c2db9fab40bdd87a7c09b1530128315d047a086fa3ae3435cb3a8",
                "sha256:beb58fe5cdb101e3a055192ac291b7a21e3b7ef4f67fa1d74e331a7f2124341c",
                "sha256:c002b4ffc0be611f0d9da932eb0f704fe2602a9a949d1f738e4c34c75b0863d5",
                "sha256:c083af607d2515612056a31f0a8d9e0fcb5876b7bfc0abad3ecd275bc4ebc2d5",
                "sha256:c180f51afb394e165eafe4ac2936a14bee3eb10debc9d9e4db8958fe36afe711",
                "sha256:c235ebd9baae02f1b77bcea61bce332cb4331dc3617d254df3323aa01ab47bd4",
                "sha256:cd70574b12bb8a4d2aaa0094515df2463cb429d8536cfb6c7ce983246983e5a6",
                "sha256:d0eccceffcb53201b5bfebb52600a5fb483a20b61da9dbc885f8b103cbe7598c",
                "sha256:d965bba47ddeec8cd560687584e88cf699fd28f192ceb452d1d7ee807c5597b7",
                "sha256:db364eca23f876da6f9e16c9da0df51aa4f104a972735574842618b8c6d999d4",
                "sha256:ddbb2551d7e0102e7252db79ba445cdab71b26640817ab1e3e3648dad515003b",
                "sha256:deb6be0ac38ece9ba87dea880e438f25ca3eddfac8b002a2ec3d9183a454e8ae",
                "sha256:e06ed3eb3218bc64786f7db41917d4e686cc4856944f53d5bdf83a6884432e12",
                "sha256:e27ad930a842b4c5eb8ac0016b0a54f5aebbe679340c26101df33424142c143c",
                "sha256:e537484df0d8f426ce2afb2d0f8e1c3d0b114b83f8850e5f2fbea0e797bd82ae",
                "sha256:eb00ed941194665c332bf8e078baf037d6c35d7c4f3102ea2d4f16ca94a26dc8",
                "sha256:eb6904c354526e758fda7167b33005998fb68c46fbc10e013ca97f21ca5c8887",
                "sha256:eb8821e09e916165e160797a6c17edda0679379a4be5c716c260e836e122f54b",
                "sha256:efcb3f6676480691518c177e3b465bcddf57cea040302f9f4e6e191af91174d4",
                "sha256:f27273b60488abe721a075bcca6d7f3964f9f6f067c8c4c605743023d7d3944f",
                "sha256:f30c3cb33b24454a82faecaf01b19c18562b1e89558fb6c56de4d9118a032fd5",
                "sha256:fb69256e180cb6c8a894fee62b3afebae785babc1ee98b81cdf68bbca1987f33",
                "sha256:fd1abc0d89e30cc4e02e4064dc67fcc51bd941eb395c502aac3ec19fab46b519",
                "sha256:ff8fa367d09b717b2a17a052544193ad76cd49979c805768879cb63d9ca50561"
            ],
            "markers": "python_full_version >= '3.7.0'",
            "version": "==3.3.2"
        },
        "cramjam": {
            "hashes": [
                "sha256:01573d3c05f75845af75f87d9f6d4d995ee48fafc9c9662679d944c71e658c59",
                "sha256:03a72a689c93b8a2c7c08b529c1224c47bd469722e559af231016694b90f6442",
                "sha256:0b48b11c328d91250dadc63c00753f5ba26eb9df5fe75ba2ce8a78631260479d",
                "sha256:0ffb891294e77f2a3b0137992ebd6eb9b1f1bc3728d7d4314632e30270855117",
                "sha256:19c44de9dee2ea0c586a5b12adc9bc28224544717bce88a94c3ee202b9ece25d",
                "sha256:1bfd9e9f050a4ef82644a5443742bd6e4d41afc201d5142dfbb5ac73a4f96b94",
                "sha256:202e4a5a496ea49d0bb5252fbee8b6e421d256968773c7a8b3e86d98eec9228e",
                "sha256:22927dbdda85d8719074e061f9ec024c9bf16088e5e4c6c1c134c46e2d9153b7",
                "sha256:241b9853de56524895c17541d34bdcdd316261247253cb9faeb57a21cc2ae28c",
                "sha256:2645f0e01735231e3c4d1568c95cc00ed477c1c2e2ed45cb123bef2ccbe72282",
                "sha256:272ab041e95e4088321bffd63ead85d32f86f9fc79f37944663abb59e7fecbb1",
                "sha256:2a96ff622f0db7f89d7c9aeadd9cc0c9bf61e804841a03a22ca919aa4955640d",
                "sha256:2b5a463b01d8867f78a361defb4fadca63635965e8204f7e2409b717d85f0c1d",
                "sha256:3cd45d09229960a89e0e3bbf71d29ac399391446f51279f3202846d7da106eb7",
                "sha256:3d5ed0fa20b42e063ef66ad01d9948e868bbfc327bf86604e078b67f074f76f3",
                "sha256:3f2e41dc8143d0e88ec9ba3ff66c8d2aea486b04931119abe9e394f9961d74bc",
                "sha256:44e262f083a0d1c19bc7b8bf8aaa54d31653eab67762cdaeb68fb40b844d50b9",
                "sha256:44fe99233ef2f42ff03d8395e7d97e0c45306eb356f6f01fa69bdb49783fdb8a",
                "sha256:47ae97247a58d3095be800420bba7e43cc6958e67f9dfddd12decdb4c99c4d6f",
                "sha256:4bb065d054e49645414bc84eaa49a6b7ed6c7185fb8ba2648c518344cf481144",
                "sha256:4d56afb5f278a18743a218514825b6ab176f18a4084d8f6515c64e3acef19478",
                "sha256:4f48e35701528beed092d97c5a1a6ba6c8902c3485d7e3a55c463162bb66afa0",
                "sha256:53ac8df43546d3f70acbc5c17424a8c083418bd6d2cacfbd5108aaa8f3eb26db",
                "sha256:579fb724eec048b1a18ca8f7ad9a7ef296dc02eba5f87fd4d5031f0c32c5c9ac",
                "sha256:58bf5b4dd8f1edaa3bd66b51a26790115efa36cebf66a198a60d095739010b36",
                "sha256:5e3869a2ecb7764f18e81afa07aa15a6f28921ae4508ab002314aafecfe7a285",
                "sha256:5f8d684a8b918e289bd213d55ea5f67dbf6cc379492e2a7e094724ec62846dea",
                "sha256:60951e64d3e05ef2a46d2a92fc4e4563ae5e28bb3b6f231f2dca68a5078a72dc",
                "sha256:66d6a7906fbe8c2e46e987d5a3a9cb235e931b3e4721ac7d8573151c419e3f73",
                "sha256:6a8f0fd14bd11f2a625e5c554fd93c7775082c31ffd9fbabb4fe9db3031645d0",
                "sha256:6bf4ec082a7647ed7463c5e0bd176850a9f013c258ad98f53055bcd1716c7fac",
                "sha256:71bf6a6632648333c402a8692fe61f45416066eb0d8b7f4530cdf37fee221a11",
                "sha256:79c36d95e89b43c29595c889c7a4d30d29aefc55d7c58a26a058b9bbe7abd5cf",
                "sha256:7b0fa1f8600fdf093a4e5eac5dc56084047abec50d589a8121618e3fb1f9de3f",
                "sha256:7e44dda432a8c8a47cb73869201d2f9777604bd913d859def84c659fb736cfd3",
                "sha256:820421600d395d0e11b9da1e983acde453637090f5a15abb45f5182cd35f9c3a",
                "sha256:831951a3eccebd5911387e3fff14483747d3dae5ad496afbd50447ffe2d03dba",
                "sha256:89b683919ffc846b91b405d5f14df8a2ba1167f4ed9277150298fbe91a3d4aae",
                "sha256:8e82276b120000834af3f776cbe22ac3016cd9e0ed00e7f3fb31e2ce95e17181",
                "sha256:8ea1c781d3760df0b6ad80b7b19dc8e038e0638fb1cfabc68da96cedb8d0adca",
                "sha256:91bb03ca0d3857f319afd13525d5c6214a55aa49778ce46a02c16f0eee37907c",
                "sha256:9698ed7fe78b4de81dcee0624311ee93a4436f0b3e3c6b147a6745a3fd210272",
                "sha256:9a3f45cd17730c00358643a814d5921a31c8a0d238582e08594fa86fdbc8401c",
                "sha256:9f9e403be6307e98a47cc7d0132fe1fe4683c873c5d7d9da099fbac9c299a4b0",
                "sha256:a08dcb7c7b54f82db4ee9120aaace06326499c0d4108770ee7ac63d7bd1d803d",
                "sha256:a7f93316abc1abfd348b04afc6cadbbd4fba44cd91e7b9803c9330045a7a1885",
                "sha256:aac9d49e16f473ceb4eaf74a53180eac3363127f01855c39122b400a988e80bf",
                "sha256:b84565611f36ee8c3944b96bb01ee4d44c101acf84f1430c9414986ab3a7fb03",
                "sha256:bee04fd1cdd5f2a2e91e4b271f22e228c698fe7b7f8ef209374d717f7889e80c",
                "sha256:bef07e7d4607c4d70627e58eb630fe60e48b80a61ab05b33314e3296eb90af78",
                "sha256:c2602c42ed101ada634fa37253d40946f0468b2b749689781cba715a7d78038e",
                "sha256:ca6309d06edf29a9a5c22e25d1d7f7609abb8ae7281583bc486afb19fd645898",
                "sha256:d07c5af763501bd23523658aeb535082eaac014746f7973df85f76b0d9b40967",
                "sha256:d143ccb3f5aae640f0c2dd6244d43f5e5e81d847b50c2eb9f08dcc3dc33f367a",
                "sha256:d5c411d785cec410d4164e4ecc76b6c152761fbb61325bcc4acbdc8926874c0b",
                "sha256:dd77e784289fc44a5e6487b2e263f07cc271f25a8395e97213b6a934fe47a768",
                "sha256:df46019cb999d874ce86e08d71d7d2983c052d6a63f7aa6bce960e4e05e8ea37",
                "sha256:e6231fd3ac680c34c0d8405abfa8c3d12f92e28d0897d960aa905f053cc09e63",
                "sha256:e8b8b968db6a6ec03de231ca17536f8cd69d74e36f0e47e68391a22231c0042c",
                "sha256:ebc87176851c50c5aaf6bacafb6bed5a86e3b4ee6a749d6ec13f3d37ae0e951a",
                "sha256:ee4bc46e5cf87d6097833bca33a66f2724b4773242a71ed642d13682fedefb71",
                "sha256:ee80ebd85acec1031e7563cce3de3961bd3f2ec8947c5bf84a9356b25af67a75",
                "sha256:f3544ea95d0e98ac926d92d652adc417e78091117cbe2ef7733e26c40601604c",
                "sha256:f52718e1c7aed3d0e3ffbbe5c085d9c449daa726379788ddb27cb62ffc2b6ba1",
                "sha256:f9340c70d95ea102cf51a07ecc09f93f1363e585d97b5276734a5f8c4476e560",
                "sha256:fab800ed93fb129d85c63f26660b695fb194efb29765a163f269321778e28a8d",
                "sha256:fbc59b223750a901d65d96333461ab17076594fa34448ed2ef911bd4b628f068",
                "sha256:fbffb1f63edf4cb4272a25de288c2f2e20914bb93e003883656774e61794b960",
                "sha256:fd2e81c69baacb95fa28cdf844f714d7c03f0c805f4fa2decc5e9565e6b4405d"
            ],
            "markers": "python_version >= '3.7'",
            "version": "==2.7.0"
        },
        "fastparquet": {
            "hashes": [
                "sha256:076fedfba2b56782b4823c1d351424425cfeaa5b8644c542416ca1363fe6d921",
                "sha256:118d1832ed2098f313936044012083c8c1b07da85ee11612895f3c4ef27bfd8a",
                "sha256:1fac5319aabcbc4acc2feb5df68336de755de7d60a2ee9329fef178ac016e236",
                "sha256:20c17c5e7186723a175c9e7da94285bdef3cb477cb7cca0e2812b1e245279671",
                "sha256:2635f0f37a983e35be9b8013b84361e3d0cdd4f514b822016445c029b1c6e007",
                "sha256:2a0c1f485d3085fe98dbae9ead2e97a886deb99d3db7af635296bfd3f4f2f814",
                "sha256:2be7d33969e724c8aa777122d6032845a362cb2075f6e6f2c5b2150bd6223cc8",
                "sha256:2da633a0bd1889f30acb1b6dffa99832739802d0ae5f455b4e5eb720ab701e09",
                "sha256:332cb3b204e1de64dcfc4c5d0b517ea665856d19c139f693e8c9efc11992e19e",
                "sha256:35cff597d2778b6fe8ef7dc36cba056cd7337151dbfc2fb08abaa6b109c75140",
                "sha256:4c5208db1f38c8ac5f50f309f77bdb828fa7f247b82e2df88d847ad3bec38903",
                "sha256:53b9ad8d646c2609854cbe7d7b17be343664cabae1cd0eb119011e389df8484d",
                "sha256:5c3afafd4a0907216f5ee4f835f47ad16b84c5dede4c5ca4c0754dffe3eb72d7",
                "sha256:5eb06a70daf50d70290b87f3a5ca6f25eb24ad850bcc68197b5438d92b11c763",
                "sha256:62aabf43b6bbbc074b89f9a4769f7276204b6585d2d8fae770a0b782da5b9fc9",
                "sha256:68d26a1172be5b02018f6c28603f195807955d8262b913349385d977f3ae081f",
                "sha256:75a00475e96d26214dace147b27ab782da7a0ae230cade05ea9181c3aec2e637",
                "sha256:7f8d53f5e5049b21893964cd27154c2a7c8180f3ffd1f2693f80e0f834a3a35e",
                "sha256:8aff041900ebcb4c2510bede80695fed35fb7c24dfd83b60ba8b56d7ede4e0fe",
                "sha256:9133d2f975c6e05187be4b558060e6a4aafeba02dceaf849cf6ad46d32e59405",
                "sha256:91ee6b5b0efc18586e61da6662119de92fc7bf552c3a08a13eb2af16bc12f16a",
                "sha256:9296098d06c6692ee477fe491381eda39fc0dcfe2fce210496491fe16ce27ef8",
                "sha256:99568ae6bbbd973b32d796cb664ba156b101e5d1931dba780fe2dc0d9b227dfd",
                "sha256:a746f521da7459707899fc33b334b2d21f590380f472fc27642f3ef28ee451d2",
                "sha256:ab978612d21630033df0a0b12423ed826fe36e83a1710b155968c3c6e2b3174a",
                "sha256:af0c1d5559aa0a4fff8eb3b301c8177b6813bb15fe9d2007ad0dc89f8fa519c5",
                "sha256:b2a9ee49039223a1e216c409c25072be1f362de27197cbec5f90cf2e736df3b0",
                "sha256:b7086ca3a0d8ae8680b380da9b7057a1491d629945b1dd228eba5b362e2e39aa",
                "sha256:b798cdfa8f01cd573b135a493a4d0686ebbcd3a412d6e59889a7ae41ff90efeb",
                "sha256:b826696cd48f1defb6fcafb4c9798102233e54f3f3491251c034dde3d94f420a",
                "sha256:ba85d9e5c298515a347f94bc65c0b570391b344d765dc349bafb35137466ddb2",
                "sha256:bf2d58bee17e0eea8565c2bcd2b339ee032472751651e21f000eb564ad3cd5cf",
                "sha256:c61d26705e9a2ad2d52ed1d527c75e96e6a9a04be35bd4c8d6f4accd778f9b05",
                "sha256:c975d648ea491e684135e9e3c0a15b440d66d0772fe497269e5c9c4eaaeb62a2",
                "sha256:cde8f6798d37e2af38ada058fc7018c2157d90a8dd728c0c59fab85b8adb9215",
                "sha256:e86d64898e846ed0f5745427436e5772fd7bb5d9a930f1dca8233e90385e126b",
                "sha256:ea74f28494fda892641a564f728d046a074fdea5b9ff664ef9554c0da563bad4",
                "sha256:efc30c502feaa67c058c496eb4a734eba8bd373f0d24a32cc69360c79f7220ef"
            ],
            "index": "pypi",
            "version": "==2023.10.1"
        },
        "fsspec": {
            "hashes": [
                "sha256:330c66757591df346ad3091a53bd907e15348c2ba17d63fd54f5c39c4457d2a5",
                "sha256:346a8f024efeb749d2a5fca7ba8854474b1ff9af7c3faaf636a4548781136529"
            ],
            "markers": "python_version >= '3.8'",
            "version": "==2023.10.0"
        },
        "idna": {
            "hashes": [
                "sha256:814f528e8dead7d329833b91c5faa87d60bf71824cd12a7530b5526063d02cb4",
                "sha256:90b77e79eaa3eba6de819a0c442c0b4ceefc341a7a2ab77d7562bf49f425c5c2"
            ],
            "markers": "python_version >= '3.5'",
            "version": "==3.4"
        },
        "nba-api": {
            "hashes": [
                "sha256:7120d2a77fd3a87fd1f70910dfbe970bffc3c708c626aec8ce52012963f61801",
                "sha256:9222cf7e1cfbf5db1c6821dcdcae3d79df8d86ac5832a2169525c67d6b932cd5"
            ],
            "index": "pypi",
            "version": "==1.3.1"
        },
        "numpy": {
            "hashes": [
                "sha256:06934e1a22c54636a059215d6da99e23286424f316fddd979f5071093b648668",
                "sha256:1c59c046c31a43310ad0199d6299e59f57a289e22f0f36951ced1c9eac3665b9",
                "sha256:1d1bd82d539607951cac963388534da3b7ea0e18b149a53cf883d8f699178c0f",
                "sha256:1e11668d6f756ca5ef534b5be8653d16c5352cbb210a5c2a79ff288e937010d5",
                "sha256:3649d566e2fc067597125428db15d60eb42a4e0897fc48d28cb75dc2e0454e53",
                "sha256:59227c981d43425ca5e5c01094d59eb14e8772ce6975d4b2fc1e106a833d5ae2",
                "sha256:6081aed64714a18c72b168a9276095ef9155dd7888b9e74b5987808f0dd0a974",
                "sha256:6965888d65d2848e8768824ca8288db0a81263c1efccec881cb35a0d805fcd2f",
                "sha256:76ff661a867d9272cd2a99eed002470f46dbe0943a5ffd140f49be84f68ffc42",
                "sha256:78ca54b2f9daffa5f323f34cdf21e1d9779a54073f0018a3094ab907938331a2",
                "sha256:82e871307a6331b5f09efda3c22e03c095d957f04bf6bc1804f30048d0e5e7af",
                "sha256:8ab9163ca8aeb7fd32fe93866490654d2f7dda4e61bc6297bf72ce07fdc02f67",
                "sha256:9696aa2e35cc41e398a6d42d147cf326f8f9d81befcb399bc1ed7ffea339b64e",
                "sha256:97e5d6a9f0702c2863aaabf19f0d1b6c2628fbe476438ce0b5ce06e83085064c",
                "sha256:9f42284ebf91bdf32fafac29d29d4c07e5e9d1af862ea73686581773ef9e73a7",
                "sha256:a03fb25610ef560a6201ff06df4f8105292ba56e7cdd196ea350d123fc32e24e",
                "sha256:a5b411040beead47a228bde3b2241100454a6abde9df139ed087bd73fc0a4908",
                "sha256:af22f3d8e228d84d1c0c44c1fbdeb80f97a15a0abe4f080960393a00db733b66",
                "sha256:afd5ced4e5a96dac6725daeb5242a35494243f2239244fad10a90ce58b071d24",
                "sha256:b9d45d1dbb9de84894cc50efece5b09939752a2d75aab3a8b0cef6f3a35ecd6b",
                "sha256:bb894accfd16b867d8643fc2ba6c8617c78ba2828051e9a69511644ce86ce83e",
                "sha256:c8c6c72d4a9f831f328efb1312642a1cafafaa88981d9ab76368d50d07d93cbe",
                "sha256:cd7837b2b734ca72959a1caf3309457a318c934abef7a43a14bb984e574bbb9a",
                "sha256:cdd9ec98f0063d93baeb01aad472a1a0840dee302842a2746a7a8e92968f9575",
                "sha256:d1cfc92db6af1fd37a7bb58e55c8383b4aa1ba23d012bdbba26b4bcca45ac297",
                "sha256:d1d2c6b7dd618c41e202c59c1413ef9b2c8e8a15f5039e344af64195459e3104",
                "sha256:d2984cb6caaf05294b8466966627e80bf6c7afd273279077679cb010acb0e5ab",
                "sha256:d58e8c51a7cf43090d124d5073bc29ab2755822181fcad978b12e144e5e5a4b3",
                "sha256:d78f269e0c4fd365fc2992c00353e4530d274ba68f15e968d8bc3c69ce5f5244",
                "sha256:dcfaf015b79d1f9f9c9fd0731a907407dc3e45769262d657d754c3a028586124",
                "sha256:e44ccb93f30c75dfc0c3aa3ce38f33486a75ec9abadabd4e59f114994a9c4617",
                "sha256:e509cbc488c735b43b5ffea175235cec24bbc57b227ef1acc691725beb230d1c"
            ],
            "markers": "python_version < '3.13' and python_version >= '3.9'",
            "version": "==1.26.1"
        },
        "packaging": {
            "hashes": [
                "sha256:048fb0e9405036518eaaf48a55953c750c11e1a1b68e0dd1a9d62ed0c092cfc5",
                "sha256:8c491190033a9af7e1d931d0b5dacc2ef47509b34dd0de67ed209b5203fc88c7"
            ],
            "markers": "python_version >= '3.7'",
            "version": "==23.2"
        },
        "pandas": {
            "hashes": [
                "sha256:021f09c15e1381e202d95d4a21ece8e7f2bf1388b6d7e9cae09dfe27bd2043d1",
                "sha256:02954e285e8e2f4006b6f22be6f0df1f1c3c97adbb7ed211c6b483426f20d5c8",
                "sha256:08d287b68fd28906a94564f15118a7ca8c242e50ae7f8bd91130c362b2108a81",
                "sha256:24057459f19db9ebb02984c6fdd164a970b31a95f38e4a49cf7615b36a1b532c",
                "sha256:25c9976c17311388fcd953cb3d0697999b2205333f4e11e669d90ff8d830d429",
                "sha256:3223f997b6d2ebf9c010260cf3d889848a93f5d22bb4d14cd32638b3d8bba7ad",
                "sha256:3f76280ce8ec216dde336e55b2b82e883401cf466da0fe3be317c03fb8ee7c7d",
                "sha256:52867d69a54e71666cd184b04e839cff7dfc8ed0cd6b936995117fdae8790b69",
                "sha256:52897edc2774d2779fbeb6880d2cfb305daa0b1a29c16b91f531a18918a6e0f3",
                "sha256:5aa6b86802e8cf7716bf4b4b5a3c99b12d34e9c6a9d06dad254447a620437931",
                "sha256:5b40c9f494e1f27588c369b9e4a6ca19cd924b3a0e1ef9ef1a8e30a07a438f43",
                "sha256:65177d1c519b55e5b7f094c660ed357bb7d86e799686bb71653b8a4803d8ff0d",
                "sha256:6ae6ffbd9d614c20d028c7117ee911fc4e266b4dca2065d5c5909e401f8ff683",
                "sha256:7ad20d24acf3a0042512b7e8d8fdc2e827126ed519d6bd1ed8e6c14ec8a2c813",
                "sha256:83c166b9bb27c1715bed94495d9598a7f02950b4749dba9349c1dd2cbf10729d",
                "sha256:851b5afbb0d62f6129ae891b533aa508cc357d5892c240c91933d945fff15731",
                "sha256:8d0382645ede2fde352da2a885aac28ec37d38587864c0689b4b2361d17b1d4c",
                "sha256:a6cf8fcc8a63d333970b950a7331a30544cf59b1a97baf0a7409e09eafc1ac38",
                "sha256:bbd98dcdcd32f408947afdb3f7434fade6edd408c3077bbce7bd840d654d92c6",
                "sha256:d594e2ce51b8e0b4074e6644758865dc2bb13fd654450c1eae51201260a539f1",
                "sha256:e78507adcc730533619de07bfdd1c62b2918a68cd4419ea386e28abf7f6a1e5c",
                "sha256:e7f12b2de0060b0b858cfec0016e7d980ae5bae455a1746bfcc70929100ee633",
                "sha256:e90c95abb3285d06f6e4feedafc134306a8eced93cb78e08cf50e224d5ce22e2",
                "sha256:eff794eeb7883c5aefb1ed572e7ff533ae779f6c6277849eab9e77986e352688",
                "sha256:fc4944dc004ca6cc701dfa19afb8bdb26ad36b9bed5bcec617d2a11e9cae6902"
            ],
            "index": "pypi",
            "version": "==2.1.2"
        },
        "pyarrow": {
            "hashes": [
                "sha256:09552dad5cf3de2dc0aba1c7c4b470754c69bd821f5faafc3d774bedc3b04bb7",
                "sha256:0f6eff839a9e40e9c5610d3ff8c5bdd2f10303408312caf4c8003285d0b49565",
                "sha256:1afcc2c33f31f6fb25c92d50a86b7a9f076d38acbcb6f9e74349636109550148",
                "sha256:3896ae6c205d73ad192d2fc1489cd0edfab9f12867c85b4c277af4d37383c18c",
                "sha256:47663efc9c395e31d09c6aacfa860f4473815ad6804311c5433f7085415d62a7",
                "sha256:51be67e29f3cfcde263a113c28e96aa04362ed8229cb7c6e5f5c719003659d33",
                "sha256:588f0d2da6cf1b1680974d63be09a6530fd1bd825dc87f76e162404779a157dc",
                "sha256:6241afd72b628787b4abea39e238e3ff9f34165273fad306c7acf780dd850956",
                "sha256:6647444b21cb5e68b593b970b2a9a07748dd74ea457c7dadaa15fd469c48ada1",
                "sha256:68fcd2dc1b7d9310b29a15949cdd0cb9bc34b6de767aff979ebf546020bf0ba0",
                "sha256:69b6f9a089d116a82c3ed819eea8fe67dae6105f0d81eaf0fdd5e60d0c6e0944",
                "sha256:70fa38cdc66b2fc1349a082987f2b499d51d072faaa6b600f71931150de2e0e3",
                "sha256:83333726e83ed44b0ac94d8d7a21bbdee4a05029c3b1e8db58a863eec8fd8a33",
                "sha256:868a073fd0ff6468ae7d869b5fc1f54de5c4255b37f44fb890385eb68b68f95d",
                "sha256:8b30a27f1cddf5c6efcb67e598d7823a1e253d743d92ac32ec1eb4b6a1417867",
                "sha256:aac0ae0146a9bfa5e12d87dda89d9ef7c57a96210b899459fc2f785303dcbb67",
                "sha256:ab1268db81aeb241200e321e220e7cd769762f386f92f61b898352dd27e402ce",
                "sha256:b9ba6b6d34bd2563345488cf444510588ea42ad5613df3b3509f48eb80250afd",
                "sha256:c51afd87c35c8331b56f796eff954b9c7f8d4b7fef5903daf4e05fcf017d23a8",
                "sha256:cd57b13a6466822498238877892a9b287b0a58c2e81e4bdb0b596dbb151cbb73",
                "sha256:d00d374a5625beeb448a7fa23060df79adb596074beb3ddc1838adb647b6ef09",
                "sha256:d1b4e7176443d12610874bb84d0060bf080f000ea9ed7c84b2801df851320295",
                "sha256:d7759994217c86c161c6a8060509cfdf782b952163569606bb373828afdd82e8",
                "sha256:dc6fd330fd574c51d10638e63c0d00ab456498fc804c9d01f2a61b9264f2c5b2",
                "sha256:e3ad79455c197a36eefbd90ad4aa832bece7f830a64396c15c61a0985e337287",
                "sha256:e66442e084979a97bb66939e18f7b8709e4ac5f887e636aba29486ffbf373763",
                "sha256:ee7490f0f3f16a6c38f8c680949551053c8194e68de5046e6c288e396dccee80",
                "sha256:f8ce69f7bf01de2e2764e14df45b8404fc6f1a5ed9871e8e08a12169f87b7a26",
                "sha256:fda7857e35993673fcda603c07d43889fca60a5b254052a462653f8656c64f44"
            ],
            "index": "pypi",
            "version": "==13.0.0"
        },
        "python-dateutil": {
            "hashes": [
                "sha256:0123cacc1627ae19ddf3c27a5de5bd67ee4586fbdd6440d9748f8abb483d3e86",
                "sha256:961d03dc3453ebbc59dbdea9e4e11c5651520a876d0f4db161e8674aae935da9"
            ],
            "markers": "python_version >= '2.7' and python_version not in '3.0, 3.1, 3.2, 3.3'",
            "version": "==2.8.2"
        },
        "pytz": {
            "hashes": [
                "sha256:7b4fddbeb94a1eba4b557da24f19fdf9db575192544270a9101d8509f9f43d7b",
                "sha256:ce42d816b81b68506614c11e8937d3aa9e41007ceb50bfdcb0749b921bf646c7"
            ],
            "version": "==2023.3.post1"
        },
        "requests": {
            "hashes": [
                "sha256:58cd2187c01e70e6e26505bca751777aa9f2ee0b7f4300988b709f44e013003f",
                "sha256:942c5a758f98d790eaed1a29cb6eefc7ffb0d1cf7af05c3d2791656dbd6ad1e1"
            ],
            "markers": "python_version >= '3.7'",
            "version": "==2.31.0"
        },
        "six": {
            "hashes": [
                "sha256:1e61c37477a1626458e36f7b1d82aa5c9b094fa4802892072e49de9c60c4c926",
                "sha256:8abb2f1d86890a2dfb989f9a77cfcfd3e47c2a354b01111771326f8aa26e0254"
            ],
            "markers": "python_version >= '2.7' and python_version not in '3.0, 3.1, 3.2, 3.3'",
            "version": "==1.16.0"
        },
        "tzdata": {
            "hashes": [
                "sha256:11ef1e08e54acb0d4f95bdb1be05da659673de4acbd21bf9c69e94cc5e907a3a",
                "sha256:7e65763eef3120314099b6939b5546db7adce1e7d6f2e179e3df563c70511eda"
            ],
            "markers": "python_version >= '2'",
            "version": "==2023.3"
        },
        "urllib3": {
            "hashes": [
                "sha256:c97dfde1f7bd43a71c8d2a58e369e9b2bf692d1334ea9f9cae55add7d0dd0f84",
                "sha256:fdb6d215c776278489906c2f8916e6e7d4f5a9b602ccbcfdf7f016fc8da0596e"
            ],
            "markers": "python_version >= '3.7'",
            "version": "==2.0.7"
        }
    },
    "develop": {}
}
